Microsoft Visual Studio Solution File, Format Version 12.00
# Visual Studio Version 17
VisualStudioVersion = 17.0.31903.59
MinimumVisualStudioVersion = 10.0.40219.1
Project("{9A19103F-16F7-4668-BE54-9A1E7A4F7556}") = "Honua.Mobile", "src\Honua.Mobile\Honua.Mobile.csproj", "{F5A0E6FF-ABC1-4B2C-9F3E-7B2E8D5C4A1B}"
EndProject
Project("{9A19103F-16F7-4668-BE54-9A1E7A4F7556}") = "Honua.Mobile.Tests", "src\Honua.Mobile.Tests\Honua.Mobile.Tests.csproj", "{C3E2A8F4-1D5B-4A2C-8E9F-3B5D7A6C9E2F}"
EndProject
Project("{2150E333-8FDC-42A3-9474-1A3956D46DE8}") = "examples", "examples", "{B1D2F3E4-5A6B-7C8D-9E0F-1A2B3C4D5E6F}"
EndProject
Project("{9A19103F-16F7-4668-BE54-9A1E7A4F7556}") = "FieldDataCollection", "examples\FieldDataCollection\FieldDataCollection.csproj", "{A7B8C9D0-E1F2-3A4B-5C6D-7E8F9A0B1C2D}"
EndProject
Project("{2150E333-8FDC-42A3-9474-1A3956D46DE8}") = "docs", "docs", "{E5F6A7B8-C9D0-1E2F-3A4B-5C6D7E8F9A0B}"
	ProjectSection(SolutionItems) = preProject
		docs\getting-started.md = docs\getting-started.md
		docs\platform-setup.md = docs\platform-setup.md
		README.md = README.md
	EndProjectSection
EndProject
Global
	GlobalSection(SolutionConfigurationPlatforms) = preSolution
		Debug|Any CPU = Debug|Any CPU
		Release|Any CPU = Release|Any CPU
	EndGlobalSection
	GlobalSection(ProjectConfigurationPlatforms) = postSolution
		{F5A0E6FF-ABC1-4B2C-9F3E-7B2E8D5C4A1B}.Debug|Any CPU.ActiveCfg = Debug|Any CPU
		{F5A0E6FF-ABC1-4B2C-9F3E-7B2E8D5C4A1B}.Debug|Any CPU.Build.0 = Debug|Any CPU
		{F5A0E6FF-ABC1-4B2C-9F3E-7B2E8D5C4A1B}.Release|Any CPU.ActiveCfg = Release|Any CPU
		{F5A0E6FF-ABC1-4B2C-9F3E-7B2E8D5C4A1B}.Release|Any CPU.Build.0 = Release|Any CPU
		{C3E2A8F4-1D5B-4A2C-8E9F-3B5D7A6C9E2F}.Debug|Any CPU.ActiveCfg = Debug|Any CPU
		{C3E2A8F4-1D5B-4A2C-8E9F-3B5D7A6C9E2F}.Debug|Any CPU.Build.0 = Debug|Any CPU
		{C3E2A8F4-1D5B-4A2C-8E9F-3B5D7A6C9E2F}.Release|Any CPU.ActiveCfg = Release|Any CPU
		{C3E2A8F4-1D5B-4A2C-8E9F-3B5D7A6C9E2F}.Release|Any CPU.Build.0 = Release|Any CPU
		{A7B8C9D0-E1F2-3A4B-5C6D-7E8F9A0B1C2D}.Debug|Any CPU.ActiveCfg = Debug|Any CPU
		{A7B8C9D0-E1F2-3A4B-5C6D-7E8F9A0B1C2D}.Debug|Any CPU.Build.0 = Debug|Any CPU
		{A7B8C9D0-E1F2-3A4B-5C6D-7E8F9A0B1C2D}.Release|Any CPU.ActiveCfg = Release|Any CPU
		{A7B8C9D0-E1F2-3A4B-5C6D-7E8F9A0B1C2D}.Release|Any CPU.Build.0 = Release|Any CPU
	EndGlobalSection
	GlobalSection(SolutionProperties) = preSolution
		HideSolutionNode = FALSE
	EndGlobalSection
	GlobalSection(NestedProjects) = preSolution
		{A7B8C9D0-E1F2-3A4B-5C6D-7E8F9A0B1C2D} = {B1D2F3E4-5A6B-7C8D-9E0F-1A2B3C4D5E6F}
	EndGlobalSection
EndGlobal